
Microsoft Visual Studio Solution File, Format Version 12.00
# Visual Studio Version 17
VisualStudioVersion = 17.6.33829.357
MinimumVisualStudioVersion = 10.0.40219.1
Project("{9A19103F-16F7-4668-BE54-9A1E7A4F7556}") = "Concursus", "Concursus.csproj", "{C2E9797C-C4CB-4933-B54E-A5CC46397206}"
EndProject
Project("{2150E333-8FDC-42A3-9474-1A3956D46DE8}") = "Solution Items", "Solution Items", "{DB4ADCB4-D0A6-49A5-AE32-FA66D536C131}"
	ProjectSection(SolutionItems) = preProject
		.editorconfig = .editorconfig
	EndProjectSection
EndProject
Global
	GlobalSection(SolutionConfigurationPlatforms) = preSolution
		Debug|Any CPU = Debug|Any CPU
		Release|Any CPU = Release|Any CPU
	EndGlobalSection
	GlobalSection(ProjectConfigurationPlatforms) = postSolution
		{C2E9797C-C4CB-4933-B54E-A5CC46397206}.Debug|Any CPU.ActiveCfg = Debug|Any CPU
		{C2E9797C-C4CB-4933-B54E-A5CC46397206}.Debug|Any CPU.Build.0 = Debug|Any CPU
		{C2E9797C-C4CB-4933-B54E-A5CC46397206}.Release|Any CPU.ActiveCfg = Release|Any CPU
		{C2E9797C-C4CB-4933-B54E-A5CC46397206}.Release|Any CPU.Build.0 = Release|Any CPU
	EndGlobalSection
	GlobalSection(SolutionProperties) = preSolution
		HideSolutionNode = FALSE
	EndGlobalSection
	GlobalSection(ExtensibilityGlobals) = postSolution
		SolutionGuid = {824927E7-E6D4-4654-A222-A4E0BFA22054}
	EndGlobalSection
EndGlobal
